{
  "name": "angular-cli",
  "version": "0.0.0",
  "lockfileVersion": 1,
  "requires": true,
  "dependencies": {
    "@angular/common": {
      "version": "2.4.10",
      "resolved": "https://registry.npmjs.org/@angular/common/-/common-2.4.10.tgz",
      "integrity": "sha1-o6aC0iKPow7CPdDrV8joh/uiaZc="
    },
    "@angular/compiler": {
      "version": "2.4.10",
      "resolved": "https://registry.npmjs.org/@angular/compiler/-/compiler-2.4.10.tgz",
      "integrity": "sha1-9R/TSCCyoCx8th+89JhzxYBW+ww="
    },
    "@angular/core": {
      "version": "2.4.10",
      "resolved": "https://registry.npmjs.org/@angular/core/-/core-2.4.10.tgz",
      "integrity": "sha1-C4MgplBlll2ZhkWx9c0892m0Qeo="
    },
    "@angular/forms": {
      "version": "2.4.10",
      "resolved": "https://registry.npmjs.org/@angular/forms/-/forms-2.4.10.tgz",
      "integrity": "sha1-BiEzqq3h87PJYvFZMgjFQbYi/QY="
    },
    "@angular/http": {
      "version": "2.4.10",
      "resolved": "https://registry.npmjs.org/@angular/http/-/http-2.4.10.tgz",
      "integrity": "sha1-/2vq3ls5yYnr8jk8SbNO69Q+lVU="
    },
    "@angular/platform-browser": {
      "version": "2.4.10",
      "resolved": "https://registry.npmjs.org/@angular/platform-browser/-/platform-browser-2.4.10.tgz",
      "integrity": "sha1-y/JWCBSPtP/vlsxQBbpdez4JOQY="
    },
    "@angular/platform-browser-dynamic": {
      "version": "2.4.10",
      "resolved": "https://registry.npmjs.org/@angular/platform-browser-dynamic/-/platform-browser-dynamic-2.4.10.tgz",
      "integrity": "sha1-jfJd7CsGrcaQzJvCZEjezK682Ow="
    },
    "@angular/router": {
      "version": "3.4.10",
      "resolved": "https://registry.npmjs.org/@angular/router/-/router-3.4.10.tgz",
      "integrity": "sha1-pGagkY/CiC7OGMoSvVrqKYBQ6R4="
    },
    "@rijine/ngx-highcharts": {
      "version": "0.6.1",
      "resolved": "https://registry.npmjs.org/@rijine/ngx-highcharts/-/ngx-highcharts-0.6.1.tgz",
      "integrity": "sha512-C5TT7d4rfysGgVzOc3Jr++KPysovspcih5qG4CjewlfFlY55Wi+V9U0kMUr4+3yp1yyJ53iPeFpHIw1xHFw9Kw==",
      "requires": {
        "@types/highcharts": "5.0.12",
        "highcharts": "6.0.3"
      }
    },
    "@types/geojson": {
      "version": "7946.0.0",
      "resolved": "https://registry.npmjs.org/@types/geojson/-/geojson-7946.0.0.tgz",
      "integrity": "sha512-lbWmXFxIpEzpH7OprsCRvxj7kie+248Y2ItjeVsF+0+IqvwG+R+0xgZmxq1ofYNTszvuihDahas7O5dscfxTsw=="
    },
    "@types/highcharts": {
      "version": "5.0.12",
      "resolved": "https://registry.npmjs.org/@types/highcharts/-/highcharts-5.0.12.tgz",
      "integrity": "sha512-IbNXcXePt9ENmweMs0LG0AjJSVjWDeY1LAa4DfO+Huw6NFA2cC366ljGvRGUzZjvM0J3zAMChiYb1nC0sY80lw==",
      "requires": {
        "@types/geojson": "7946.0.0"
      }
    },
    "core-js": {
      "version": "2.5.3",
      "resolved": "https://registry.npmjs.org/core-js/-/core-js-2.5.3.tgz",
      "integrity": "sha1-isw4NFgk8W2DZbfJtCWRaOjtYD4="
    },
    "highcharts": {
      "version": "6.0.3",
      "resolved": "https://registry.npmjs.org/highcharts/-/highcharts-6.0.3.tgz",
      "integrity": "sha512-WgAl1HEGBXfQ/196mezAjgJQiX1lUTnNu0t6ng1zcL/HbrEJZDcVoHDHqa9bO0VDrEQJ4m/92KEgAHk+xFCfiw=="
    },
    "rxjs": {
      "version": "5.5.5",
      "resolved": "https://registry.npmjs.org/rxjs/-/rxjs-5.5.5.tgz",
      "integrity": "sha512-D/MfQnPMBk8P8gfwGxvCkuaWBcG58W7dUMT//URPoYzIbDEKT0GezdirkK5whMgKFBATfCoTpxO8bJQGJ04W5A==",
      "requires": {
        "symbol-observable": "1.0.1"
      }
    },
    "symbol-observable": {
      "version": "1.0.1",
      "resolved": "https://registry.npmjs.org/symbol-observable/-/symbol-observable-1.0.1.tgz",
      "integrity": "sha1-g0D8RwLDEi310iKI+IKD9RPT/dQ="
    },
    "ts-helpers": {
      "version": "1.1.2",
      "resolved": "https://registry.npmjs.org/ts-helpers/-/ts-helpers-1.1.2.tgz",
      "integrity": "sha1-/Gm+nx87rtAfsaDvjUz+dIgU2DU="
    },
    "zone.js": {
      "version": "0.7.8",
      "resolved": "https://registry.npmjs.org/zone.js/-/zone.js-0.7.8.tgz",
      "integrity": "sha1-Tz/og01EWX8mOQU6D6Q43zT//e0="
    }
  }
}
